
Microsoft Visual Studio Solution File, Format Version 12.00
# Visual Studio Version 17
VisualStudioVersion = 17.7.34003.232
MinimumVisualStudioVersion = 10.0.40219.1
Project("{FAE04EC0-301F-11D3-BF4B-00C04F79EFBC}") = "Exercícios 1", "Exercícios 1\Exercícios 1.csproj", "{0B355E2A-4AC8-49BA-A7B9-E569C09BACD8}"
EndProject
Global
	GlobalSection(SolutionConfigurationPlatforms) = preSolution
		Debug|Any CPU = Debug|Any CPU
		Release|Any CPU = Release|Any CPU
	EndGlobalSection
	GlobalSection(ProjectConfigurationPlatforms) = postSolution
		{0B355E2A-4AC8-49BA-A7B9-E569C09BACD8}.Debug|Any CPU.ActiveCfg = Debug|Any CPU
		{0B355E2A-4AC8-49BA-A7B9-E569C09BACD8}.Debug|Any CPU.Build.0 = Debug|Any CPU
		{0B355E2A-4AC8-49BA-A7B9-E569C09BACD8}.Release|Any CPU.ActiveCfg = Release|Any CPU
		{0B355E2A-4AC8-49BA-A7B9-E569C09BACD8}.Release|Any CPU.Build.0 = Release|Any CPU
	EndGlobalSection
	GlobalSection(SolutionProperties) = preSolution
		HideSolutionNode = FALSE
	EndGlobalSection
	GlobalSection(ExtensibilityGlobals) = postSolution
		SolutionGuid = {138D79BE-44D7-458D-9037-B70C7F7294B6}
	EndGlobalSection
EndGlobal
